
Microsoft Visual Studio Solution File, Format Version 12.00
# Visual Studio 15
VisualStudioVersion = 15.0.27004.2002
MinimumVisualStudioVersion = 10.0.40219.1
Project("{FAE04EC0-301F-11D3-BF4B-00C04F79EFBC}") = "Omnifood", "Omnifood\Omnifood.csproj", "{2BA405C8-66C1-423D-99EB-C184142072A1}"
EndProject
Global
	GlobalSection(SolutionConfigurationPlatforms) = preSolution
		Debug|Any CPU = Debug|Any CPU
		Release|Any CPU = Release|Any CPU
	EndGlobalSection
	GlobalSection(ProjectConfigurationPlatforms) = postSolution
		{2BA405C8-66C1-423D-99EB-C184142072A1}.Debug|Any CPU.ActiveCfg = Debug|Any CPU
		{2BA405C8-66C1-423D-99EB-C184142072A1}.Debug|Any CPU.Build.0 = Debug|Any CPU
		{2BA405C8-66C1-423D-99EB-C184142072A1}.Release|Any CPU.ActiveCfg = Release|Any CPU
		{2BA405C8-66C1-423D-99EB-C184142072A1}.Release|Any CPU.Build.0 = Release|Any CPU
	EndGlobalSection
	GlobalSection(SolutionProperties) = preSolution
		HideSolutionNode = FALSE
	EndGlobalSection
	GlobalSection(ExtensibilityGlobals) = postSolution
		SolutionGuid = {BD548EDE-574A-4CBF-B4AB-60E1530591D3}
	EndGlobalSection
EndGlobal
